
Microsoft Visual Studio Solution File, Format Version 12.00
# Visual Studio Version 16
VisualStudioVersion = 16.0.30413.136
MinimumVisualStudioVersion = 10.0.40219.1
Project("{FAE04EC0-301F-11D3-BF4B-00C04F79EFBC}") = "MedQueue", "MedQueue\MedQueue.csproj", "{7A0D11D1-6CFF-46CE-A7F3-1A1D34F6731E}"
EndProject
Global
	GlobalSection(SolutionConfigurationPlatforms) = preSolution
		Debug|Any CPU = Debug|Any CPU
		Release|Any CPU = Release|Any CPU
	EndGlobalSection
	GlobalSection(ProjectConfigurationPlatforms) = postSolution
		{7A0D11D1-6CFF-46CE-A7F3-1A1D34F6731E}.Debug|Any CPU.ActiveCfg = Debug|Any CPU
		{7A0D11D1-6CFF-46CE-A7F3-1A1D34F6731E}.Debug|Any CPU.Build.0 = Debug|Any CPU
		{7A0D11D1-6CFF-46CE-A7F3-1A1D34F6731E}.Release|Any CPU.ActiveCfg = Release|Any CPU
		{7A0D11D1-6CFF-46CE-A7F3-1A1D34F6731E}.Release|Any CPU.Build.0 = Release|Any CPU
	EndGlobalSection
	GlobalSection(SolutionProperties) = preSolution
		HideSolutionNode = FALSE
	EndGlobalSection
	GlobalSection(ExtensibilityGlobals) = postSolution
		SolutionGuid = {11FD724F-C66A-4918-A800-BF96F927C33A}
	EndGlobalSection
EndGlobal
